// !$*UTF8*$!
{
	archiveVersion = 1;
	classes = {
	};
	objectVersion = 48;
	objects = {

/* Begin PBXBuildFile section */
		2492610D206C9A9400A288AD /* AppDelegate.m in Sources */ = {isa = PBXBuildFile; fileRef = 2492610C206C9A9400A288AD /* AppDelegate.m */; };
		24926110206C9A9400A288AD /* ViewController.m in Sources */ = {isa = PBXBuildFile; fileRef = 2492610F206C9A9400A288AD /* ViewController.m */; };
		24926113206C9A9400A288AD /* Main.storyboard in Resources */ = {isa = PBXBuildFile; fileRef = 24926111206C9A9400A288AD /* Main.storyboard */; };
		24926115206C9A9400A288AD /* Assets.xcassets in Resources */ = {isa = PBXBuildFile; fileRef = 24926114206C9A9400A288AD /* Assets.xcassets */; };
		24926118206C9A9400A288AD /* LaunchScreen.storyboard in Resources */ = {isa = PBXBuildFile; fileRef = 24926116206C9A9400A288AD /* LaunchScreen.storyboard */; };
		2492611B206C9A9400A288AD /* main.m in Sources */ = {isa = PBXBuildFile; fileRef = 2492611A206C9A9400A288AD /* main.m */; };
		614C253FF88630315EAB6A6F /* Pods_GRPCDemo.framework in Frameworks */ = {isa = PBXBuildFile; fileRef = 73A7B7C0189048E81E1296DC /* Pods_GRPCDemo.framework */; };
/* End PBXBuildFile section */

/* Begin PBXFileReference section */
		24926108206C9A9400A288AD /* GRPCDemo.app */ = {isa = PBXFileReference; explicitFileType = wrapper.application; includeInIndex = 0; path = GRPCDemo.app; sourceTree = BUILT_PRODUCTS_DIR; };
		2492610B206C9A9400A288AD /* AppDelegate.h */ = {isa = PBXFileReference; lastKnownFileType = sourcecode.c.h; path = AppDelegate.h; sourceTree = "<group>"; };
		2492610C206C9A9400A288AD /* AppDelegate.m */ = {isa = PBXFileReference; lastKnownFileType = sourcecode.c.objc; path = AppDelegate.m; sourceTree = "<group>"; };
		2492610E206C9A9400A288AD /* ViewController.h */ = {isa = PBXFileReference; lastKnownFileType = sourcecode.c.h; path = ViewController.h; sourceTree = "<group>"; };
		2492610F206C9A9400A288AD /* ViewController.m */ = {isa = PBXFileReference; lastKnownFileType = sourcecode.c.objc; path = ViewController.m; sourceTree = "<group>"; };
		24926112206C9A9400A288AD /* Base */ = {isa = PBXFileReference; lastKnownFileType = file.storyboard; name = Base; path = Base.lproj/Main.storyboard; sourceTree = "<group>"; };
		24926114206C9A9400A288AD /* Assets.xcassets */ = {isa = PBXFileReference; lastKnownFileType = folder.assetcatalog; path = Assets.xcassets; sourceTree = "<group>"; };
		24926117206C9A9400A288AD /* Base */ = {isa = PBXFileReference; lastKnownFileType = file.storyboard; name = Base; path = Base.lproj/LaunchScreen.storyboard; sourceTree = "<group>"; };
		24926119206C9A9400A288AD /* Info.plist */ = {isa = PBXFileReference; lastKnownFileType = text.plist.xml; path = Info.plist; sourceTree = "<group>"; };
		2492611A206C9A9400A288AD /* main.m */ = {isa = PBXFileReference; lastKnownFileType = sourcecode.c.objc; path = main.m; sourceTree = "<group>"; };
		2558329EB7F5507916E470C0 /* Pods-GRPCDemo.release.xcconfig */ = {isa = PBXFileReference; includeInIndex = 1; lastKnownFileType = text.xcconfig; name = "Pods-GRPCDemo.release.xcconfig"; path = "Pods/Target Support Files/Pods-GRPCDemo/Pods-GRPCDemo.release.xcconfig"; sourceTree = "<group>"; };
		73A7B7C0189048E81E1296DC /* Pods_GRPCDemo.framework */ = {isa = PBXFileReference; explicitFileType = wrapper.framework; includeInIndex = 0; path = Pods_GRPCDemo.framework; sourceTree = BUILT_PRODUCTS_DIR; };
		B8C1D3284BF6AE64F35A8402 /* Pods-GRPCDemo.debug.xcconfig */ = {isa = PBXFileReference; includeInIndex = 1; lastKnownFileType = text.xcconfig; name = "Pods-GRPCDemo.debug.xcconfig"; path = "Pods/Target Support Files/Pods-GRPCDemo/Pods-GRPCDemo.debug.xcconfig"; sourceTree = "<group>"; };
/* End PBXFileReference section */

/* Begin PBXFrameworksBuildPhase section */
		24926105206C9A9400A288AD /* Frameworks */ = {
			isa = PBXFrameworksBuildPhase;
			buildActionMask = 2147483647;
			files = (
				614C253FF88630315EAB6A6F /* Pods_GRPCDemo.framework in Frameworks */,
			);
			runOnlyForDeploymentPostprocessing = 0;
		};
/* End PBXFrameworksBuildPhase section */

/* Begin PBXGroup section */
		249260FF206C9A9400A288AD = {
			isa = PBXGroup;
			children = (
				2492610A206C9A9400A288AD /* GRPCDemo */,
				24926109206C9A9400A288AD /* Products */,
				28D9C20CB250DCC66764BABD /* Pods */,
				96A6276CBFD827F49EA9C336 /* Frameworks */,
			);
			sourceTree = "<group>";
		};
		24926109206C9A9400A288AD /* Products */ = {
			isa = PBXGroup;
			children = (
				24926108206C9A9400A288AD /* GRPCDemo.app */,
			);
			name = Products;
			sourceTree = "<group>";
		};
		2492610A206C9A9400A288AD /* GRPCDemo */ = {
			isa = PBXGroup;
			children = (
				2492610B206C9A9400A288AD /* AppDelegate.h */,
				2492610C206C9A9400A288AD /* AppDelegate.m */,
				2492610E206C9A9400A288AD /* ViewController.h */,
				2492610F206C9A9400A288AD /* ViewController.m */,
				24926111206C9A9400A288AD /* Main.storyboard */,
				24926114206C9A9400A288AD /* Assets.xcassets */,
				24926116206C9A9400A288AD /* LaunchScreen.storyboard */,
				24926119206C9A9400A288AD /* Info.plist */,
				2492611A206C9A9400A288AD /* main.m */,
			);
			path = GRPCDemo;
			sourceTree = "<group>";
		};
		28D9C20CB250DCC66764BABD /* Pods */ = {
			isa = PBXGroup;
			children = (
				B8C1D3284BF6AE64F35A8402 /* Pods-GRPCDemo.debug.xcconfig */,
				2558329EB7F5507916E470C0 /* Pods-GRPCDemo.release.xcconfig */,
			);
			name = Pods;
			sourceTree = "<group>";
		};
		96A6276CBFD827F49EA9C336 /* Frameworks */ = {
			isa = PBXGroup;
			children = (
				73A7B7C0189048E81E1296DC /* Pods_GRPCDemo.framework */,
			);
			name = Frameworks;
			sourceTree = "<group>";
		};
/* End PBXGroup section */

/* Begin PBXNativeTarget section */
		24926107206C9A9400A288AD /* GRPCDemo */ = {
			isa = PBXNativeTarget;
			buildConfigurationList = 2492611E206C9A9400A288AD /* Build configuration list for PBXNativeTarget "GRPCDemo" */;
			buildPhases = (
				02039FC068C36D0C415C4B05 /* [CP] Check Pods Manifest.lock */,
				24926104206C9A9400A288AD /* Sources */,
				24926105206C9A9400A288AD /* Frameworks */,
				24926106206C9A9400A288AD /* Resources */,
				86EFB2A010E1E110DC59C10D /* [CP] Embed Pods Frameworks */,
				0E1BEDE55622387E53A0DB81 /* [CP] Copy Pods Resources */,
			);
			buildRules = (
			);
			dependencies = (
			);
			name = GRPCDemo;
			productName = GRPCDemo;
			productReference = 24926108206C9A9400A288AD /* GRPCDemo.app */;
			productType = "com.apple.product-type.application";
		};
/* End PBXNativeTarget section */

/* Begin PBXProject section */
		24926100206C9A9400A288AD /* Project object */ = {
			isa = PBXProject;
			attributes = {
				LastUpgradeCheck = 0920;
				ORGANIZATIONNAME = "玛丽";
				TargetAttributes = {
					24926107206C9A9400A288AD = {
						CreatedOnToolsVersion = 9.2;
						ProvisioningStyle = Automatic;
					};
				};
			};
			buildConfigurationList = 24926103206C9A9400A288AD /* Build configuration list for PBXProject "GRPCDemo" */;
			compatibilityVersion = "Xcode 8.0";
			developmentRegion = en;
			hasScannedForEncodings = 0;
			knownRegions = (
				en,
				Base,
			);
			mainGroup = 249260FF206C9A9400A288AD;
			productRefGroup = 24926109206C9A9400A288AD /* Products */;
			projectDirPath = "";
			projectRoot = "";
			targets = (
				24926107206C9A9400A288AD /* GRPCDemo */,
			);
		};
/* End PBXProject section */

/* Begin PBXResourcesBuildPhase section */
		24926106206C9A9400A288AD /* Resources */ = {
			isa = PBXResourcesBuildPhase;
			buildActionMask = 2147483647;
			files = (
				24926118206C9A9400A288AD /* LaunchScreen.storyboard in Resources */,
				24926115206C9A9400A288AD /* Assets.xcassets in Resources */,
				24926113206C9A9400A288AD /* Main.storyboard in Resources */,
			);
			runOnlyForDeploymentPostprocessing = 0;
		};
/* End PBXResourcesBuildPhase section */

/* Begin PBXShellScriptBuildPhase section */
		02039FC068C36D0C415C4B05 /* [CP] Check Pods Manifest.lock */ = {
			isa = PBXShellScriptBuildPhase;
			buildActionMask = 2147483647;
			files = (
			);
			inputPaths = (
				"${PODS_PODFILE_DIR_PATH}/Podfile.lock",
				"${PODS_ROOT}/Manifest.lock",
			);
			name = "[CP] Check Pods Manifest.lock";
			outputPaths = (
				"$(DERIVED_FILE_DIR)/Pods-GRPCDemo-checkManifestLockResult.txt",
			);
			runOnlyForDeploymentPostprocessing = 0;
			shellPath = /bin/sh;
			shellScript = "diff \"${PODS_PODFILE_DIR_PATH}/Podfile.lock\" \"${PODS_ROOT}/Manifest.lock\" > /dev/null\nif [ $? != 0 ] ; then\n    # print error to STDERR\n    echo \"error: The sandbox is not in sync with the Podfile.lock. Run 'pod install' or update your CocoaPods installation.\" >&2\n    exit 1\nfi\n# This output is used by Xcode 'outputs' to avoid re-running this script phase.\necho \"SUCCESS\" > \"${SCRIPT_OUTPUT_FILE_0}\"\n";
			showEnvVarsInLog = 0;
		};
		0E1BEDE55622387E53A0DB81 /* [CP] Copy Pods Resources */ = {
			isa = PBXShellScriptBuildPhase;
			buildActionMask = 2147483647;
			files = (
			);
			inputPaths = (
			);
			name = "[CP] Copy Pods Resources";
			outputPaths = (
			);
			runOnlyForDeploymentPostprocessing = 0;
			shellPath = /bin/sh;
			shellScript = "\"${SRCROOT}/Pods/Target Support Files/Pods-GRPCDemo/Pods-GRPCDemo-resources.sh\"\n";
			showEnvVarsInLog = 0;
		};
		86EFB2A010E1E110DC59C10D /* [CP] Embed Pods Frameworks */ = {
			isa = PBXShellScriptBuildPhase;
			buildActionMask = 2147483647;
			files = (
			);
			inputPaths = (
				"${SRCROOT}/Pods/Target Support Files/Pods-GRPCDemo/Pods-GRPCDemo-frameworks.sh",
				"${BUILT_PRODUCTS_DIR}/BoringSSL/openssl.framework",
				"${BUILT_PRODUCTS_DIR}/GRPCDemo/GRPCDemo.framework",
				"${BUILT_PRODUCTS_DIR}/Protobuf/Protobuf.framework",
				"${BUILT_PRODUCTS_DIR}/gRPC/GRPCClient.framework",
				"${BUILT_PRODUCTS_DIR}/gRPC-Core/grpc.framework",
				"${BUILT_PRODUCTS_DIR}/gRPC-ProtoRPC/ProtoRPC.framework",
				"${BUILT_PRODUCTS_DIR}/gRPC-RxLibrary/RxLibrary.framework",
				"${BUILT_PRODUCTS_DIR}/nanopb/nanopb.framework",
			);
			name = "[CP] Embed Pods Frameworks";
			outputPaths = (
				"${TARGET_BUILD_DIR}/${FRAMEWORKS_FOLDER_PATH}/openssl.framework",
				"${TARGET_BUILD_DIR}/${FRAMEWORKS_FOLDER_PATH}/GRPCDemo.framework",
				"${TARGET_BUILD_DIR}/${FRAMEWORKS_FOLDER_PATH}/Protobuf.framework",
				"${TARGET_BUILD_DIR}/${FRAMEWORKS_FOLDER_PATH}/GRPCClient.framework",
				"${TARGET_BUILD_DIR}/${FRAMEWORKS_FOLDER_PATH}/grpc.framework",
				"${TARGET_BUILD_DIR}/${FRAMEWORKS_FOLDER_PATH}/ProtoRPC.framework",
				"${TARGET_BUILD_DIR}/${FRAMEWORKS_FOLDER_PATH}/RxLibrary.framework",
				"${TARGET_BUILD_DIR}/${FRAMEWORKS_FOLDER_PATH}/nanopb.framework",
			);
			runOnlyForDeploymentPostprocessing = 0;
			shellPath = /bin/sh;
			shellScript = "\"${SRCROOT}/Pods/Target Support Files/Pods-GRPCDemo/Pods-GRPCDemo-frameworks.sh\"\n";
			showEnvVarsInLog = 0;
		};
/* End PBXShellScriptBuildPhase section */

/* Begin PBXSourcesBuildPhase section */
		24926104206C9A9400A288AD /* Sources */ = {
			isa = PBXSourcesBuildPhase;
			buildActionMask = 2147483647;
			files = (
				24926110206C9A9400A288AD /* ViewController.m in Sources */,
				2492611B206C9A9400A288AD /* main.m in Sources */,
				2492610D206C9A9400A288AD /* AppDelegate.m in Sources */,
			);
			runOnlyForDeploymentPostprocessing = 0;
		};
/* End PBXSourcesBuildPhase section */

/* Begin PBXVariantGroup section */
		24926111206C9A9400A288AD /* Main.storyboard */ = {
			isa = PBXVariantGroup;
			children = (
				24926112206C9A9400A288AD /* Base */,
			);
			name = Main.storyboard;
			sourceTree = "<group>";
		};
		24926116206C9A9400A288AD /* LaunchScreen.storyboard */ = {
			isa = PBXVariantGroup;
			children = (
				24926117206C9A9400A288AD /* Base */,
			);
			name = LaunchScreen.storyboard;
			sourceTree = "<group>";
		};
/* End PBXVariantGroup section */

/* Begin XCBuildConfiguration section */
		2492611C206C9A9400A288AD /* Debug */ = {
			isa = XCBuildConfiguration;
			buildSettings = {
				ALWAYS_SEARCH_USER_PATHS = NO;
				CLANG_ANALYZER_NONNULL = YES;
				CLANG_ANALYZER_NUMBER_OBJECT_CONVERSION = YES_AGGRESSIVE;
				CLANG_CXX_LANGUAGE_STANDARD = "gnu++14";
				CLANG_CXX_LIBRARY = "libc++";
				CLANG_ENABLE_MODULES = YES;
				CLANG_ENABLE_OBJC_ARC = YES;
				CLANG_WARN_BLOCK_CAPTURE_AUTORELEASING = YES;
				CLANG_WARN_BOOL_CONVERSION = YES;
				CLANG_WARN_COMMA = YES;
				CLANG_WARN_CONSTANT_CONVERSION = YES;
				CLANG_WARN_DIRECT_OBJC_ISA_USAGE = YES_ERROR;
				CLANG_WARN_DOCUMENTATION_COMMENTS = YES;
				CLANG_WARN_EMPTY_BODY = YES;
				CLANG_WARN_ENUM_CONVERSION = YES;
				CLANG_WARN_INFINITE_RECURSION = YES;
				CLANG_WARN_INT_CONVERSION = YES;
				CLANG_WARN_NON_LITERAL_NULL_CONVERSION = YES;
				CLANG_WARN_OBJC_LITERAL_CONVERSION = YES;
				CLANG_WARN_OBJC_ROOT_CLASS = YES_ERROR;
				CLANG_WARN_RANGE_LOOP_ANALYSIS = YES;
				CLANG_WARN_STRICT_PROTOTYPES = YES;
				CLANG_WARN_SUSPICIOUS_MOVE = YES;
				CLANG_WARN_UNGUARDED_AVAILABILITY = YES_AGGRESSIVE;
				CLANG_WARN_UNREACHABLE_CODE = YES;
				CLANG_WARN__DUPLICATE_METHOD_MATCH = YES;
				CODE_SIGN_IDENTITY = "iPhone Developer";
				COPY_PHASE_STRIP = NO;
				DEBUG_INFORMATION_FORMAT = dwarf;
				ENABLE_STRICT_OBJC_MSGSEND = YES;
				ENABLE_TESTABILITY = YES;
				GCC_C_LANGUAGE_STANDARD = gnu11;
				GCC_DYNAMIC_NO_PIC = NO;
				GCC_NO_COMMON_BLOCKS = YES;
				GCC_OPTIMIZATION_LEVEL = 0;
				GCC_PREPROCESSOR_DEFINITIONS = (
					"DEBUG=1",
					"$(inherited)",
				);
				GCC_WARN_64_TO_32_BIT_CONVERSION = YES;
				GCC_WARN_ABOUT_RETURN_TYPE = YES_ERROR;
				GCC_WARN_UNDECLARED_SELECTOR = YES;
				GCC_WARN_UNINITIALIZED_AUTOS = YES_AGGRESSIVE;
				GCC_WARN_UNUSED_FUNCTION = YES;
				GCC_WARN_UNUSED_VARIABLE = YES;
				IPHONEOS_DEPLOYMENT_TARGET = 11.2;
				MTL_ENABLE_DEBUG_INFO = YES;
				ONLY_ACTIVE_ARCH = YES;
				SDKROOT = iphoneos;
			};
			name = Debug;
		};
		2492611D206C9A9400A288AD /* Release */ = {
			isa = XCBuildConfiguration;
			buildSettings = {
				ALWAYS_SEARCH_USER_PATHS = NO;
				CLANG_ANALYZER_NONNULL = YES;
				CLANG_ANALYZER_NUMBER_OBJECT_CONVERSION = YES_AGGRESSIVE;
				CLANG_CXX_LANGUAGE_STANDARD = "gnu++14";
				CLANG_CXX_LIBRARY = "libc++";
				CLANG_ENABLE_MODULES = YES;
				CLANG_ENABLE_OBJC_ARC = YES;
				CLANG_WARN_BLOCK_CAPTURE_AUTORELEASING = YES;
				CLANG_WARN_BOOL_CONVERSION = YES;
				CLANG_WARN_COMMA = YES;
				CLANG_WARN_CONSTANT_CONVERSION = YES;
				CLANG_WARN_DIRECT_OBJC_ISA_USAGE = YES_ERROR;
				CLANG_WARN_DOCUMENTATION_COMMENTS = YES;
				CLANG_WARN_EMPTY_BODY = YES;
				CLANG_WARN_ENUM_CONVERSION = YES;
				CLANG_WARN_INFINITE_RECURSION = YES;
				CLANG_WARN_INT_CONVERSION = YES;
				CLANG_WARN_NON_LITERAL_NULL_CONVERSION = YES;
				CLANG_WARN_OBJC_LITERAL_CONVERSION = YES;
				CLANG_WARN_OBJC_ROOT_CLASS = YES_ERROR;
				CLANG_WARN_RANGE_LOOP_ANALYSIS = YES;
				CLANG_WARN_STRICT_PROTOTYPES = YES;
				CLANG_WARN_SUSPICIOUS_MOVE = YES;
				CLANG_WARN_UNGUARDED_AVAILABILITY = YES_AGGRESSIVE;
				CLANG_WARN_UNREACHABLE_CODE = YES;
				CLANG_WARN__DUPLICATE_METHOD_MATCH = YES;
				CODE_SIGN_IDENTITY = "iPhone Developer";
				COPY_PHASE_STRIP = NO;
				DEBUG_INFORMATION_FORMAT = "dwarf-with-dsym";
				ENABLE_NS_ASSERTIONS = NO;
				ENABLE_STRICT_OBJC_MSGSEND = YES;
				GCC_C_LANGUAGE_STANDARD = gnu11;
				GCC_NO_COMMON_BLOCKS = YES;
				GCC_WARN_64_TO_32_BIT_CONVERSION = YES;
				GCC_WARN_ABOUT_RETURN_TYPE = YES_ERROR;
				GCC_WARN_UNDECLARED_SELECTOR = YES;
				GCC_WARN_UNINITIALIZED_AUTOS = YES_AGGRESSIVE;
				GCC_WARN_UNUSED_FUNCTION = YES;
				GCC_WARN_UNUSED_VARIABLE = YES;
				IPHONEOS_DEPLOYMENT_TARGET = 11.2;
				MTL_ENABLE_DEBUG_INFO = NO;
				SDKROOT = iphoneos;
				VALIDATE_PRODUCT = YES;
			};
			name = Release;
		};
		2492611F206C9A9400A288AD /* Debug */ = {
			isa = XCBuildConfiguration;
			baseConfigurationReference = B8C1D3284BF6AE64F35A8402 /* Pods-GRPCDemo.debug.xcconfig */;
			buildSettings = {
				ASSETCATALOG_COMPILER_APPICON_NAME = AppIcon;
				CODE_SIGN_STYLE = Automatic;
				INFOPLIST_FILE = GRPCDemo/Info.plist;
				LD_RUNPATH_SEARCH_PATHS = "$(inherited) @executable_path/Frameworks";
				PRODUCT_BUNDLE_IDENTIFIER = com.zhong..GRPCDemo;
				PRODUCT_NAME = "$(TARGET_NAME)";
				TARGETED_DEVICE_FAMILY = "1,2";
			};
			name = Debug;
		};
		24926120206C9A9400A288AD /* Release */ = {
			isa = XCBuildConfiguration;
			baseConfigurationReference = 2558329EB7F5507916E470C0 /* Pods-GRPCDemo.release.xcconfig */;
			buildSettings = {
				ASSETCATALOG_COMPILER_APPICON_NAME = AppIcon;
				CODE_SIGN_STYLE = Automatic;
				INFOPLIST_FILE = GRPCDemo/Info.plist;
				LD_RUNPATH_SEARCH_PATHS = "$(inherited) @executable_path/Frameworks";
				PRODUCT_BUNDLE_IDENTIFIER = com.zhong..GRPCDemo;
				PRODUCT_NAME = "$(TARGET_NAME)";
				TARGETED_DEVICE_FAMILY = "1,2";
			};
			name = Release;
		};
/* End XCBuildConfiguration section */

/* Begin XCConfigurationList section */
		24926103206C9A9400A288AD /* Build configuration list for PBXProject "GRPCDemo" */ = {
			isa = XCConfigurationList;
			buildConfigurations = (
				2492611C206C9A9400A288AD /* Debug */,
				2492611D206C9A9400A288AD /* Release */,
			);
			defaultConfigurationIsVisible = 0;
			defaultConfigurationName = Release;
		};
		2492611E206C9A9400A288AD /* Build configuration list for PBXNativeTarget "GRPCDemo" */ = {
			isa = XCConfigurationList;
			buildConfigurations = (
				2492611F206C9A9400A288AD /* Debug */,
				24926120206C9A9400A288AD /* Release */,
			);
			defaultConfigurationIsVisible = 0;
			defaultConfigurationName = Release;
		};
/* End XCConfigurationList section */
	};
	rootObject = 24926100206C9A9400A288AD /* Project object */;
}
